
Microsoft Visual Studio Solution File, Format Version 12.00
# Visual Studio Version 17
VisualStudioVersion = 17.2.32616.157
MinimumVisualStudioVersion = 10.0.40219.1
Project("{FAE04EC0-301F-11D3-BF4B-00C04F79EFBC}") = "SVG", "SVG\SVG.csproj", "{EBF6C559-0F5F-4A81-AACE-3B1ACB97AC24}"
EndProject
Global
	GlobalSection(SolutionConfigurationPlatforms) = preSolution
		Debug|Any CPU = Debug|Any CPU
		Release|Any CPU = Release|Any CPU
	EndGlobalSection
	GlobalSection(ProjectConfigurationPlatforms) = postSolution
		{EBF6C559-0F5F-4A81-AACE-3B1ACB97AC24}.Debug|Any CPU.ActiveCfg = Debug|Any CPU
		{EBF6C559-0F5F-4A81-AACE-3B1ACB97AC24}.Debug|Any CPU.Build.0 = Debug|Any CPU
		{EBF6C559-0F5F-4A81-AACE-3B1ACB97AC24}.Release|Any CPU.ActiveCfg = Release|Any CPU
		{EBF6C559-0F5F-4A81-AACE-3B1ACB97AC24}.Release|Any CPU.Build.0 = Release|Any CPU
	EndGlobalSection
	GlobalSection(SolutionProperties) = preSolution
		HideSolutionNode = FALSE
	EndGlobalSection
	GlobalSection(ExtensibilityGlobals) = postSolution
		SolutionGuid = {B873235E-667E-4114-900E-2EDD9CC62017}
	EndGlobalSection
EndGlobal
