
Microsoft Visual Studio Solution File, Format Version 12.00
# Visual Studio Version 17
VisualStudioVersion = 17.2.32616.157
MinimumVisualStudioVersion = 10.0.40219.1
Project("{FAE04EC0-301F-11D3-BF4B-00C04F79EFBC}") = "SpamBank", "SpamBank\SpamBank.csproj", "{26B2AB6A-BCE7-4319-923A-24CE248E7063}"
EndProject
Global
	GlobalSection(SolutionConfigurationPlatforms) = preSolution
		Debug|Any CPU = Debug|Any CPU
		Release|Any CPU = Release|Any CPU
	EndGlobalSection
	GlobalSection(ProjectConfigurationPlatforms) = postSolution
		{26B2AB6A-BCE7-4319-923A-24CE248E7063}.Debug|Any CPU.ActiveCfg = Debug|Any CPU
		{26B2AB6A-BCE7-4319-923A-24CE248E7063}.Debug|Any CPU.Build.0 = Debug|Any CPU
		{26B2AB6A-BCE7-4319-923A-24CE248E7063}.Release|Any CPU.ActiveCfg = Release|Any CPU
		{26B2AB6A-BCE7-4319-923A-24CE248E7063}.Release|Any CPU.Build.0 = Release|Any CPU
	EndGlobalSection
	GlobalSection(SolutionProperties) = preSolution
		HideSolutionNode = FALSE
	EndGlobalSection
	GlobalSection(ExtensibilityGlobals) = postSolution
		SolutionGuid = {1B584102-DAC2-48F1-A604-DFEBFD251037}
	EndGlobalSection
EndGlobal
