
Microsoft Visual Studio Solution File, Format Version 12.00
# Visual Studio Version 17
VisualStudioVersion = 17.2.32616.157
MinimumVisualStudioVersion = 10.0.40219.1
Project("{FAE04EC0-301F-11D3-BF4B-00C04F79EFBC}") = "ZadanieArrayExtension", "ZadanieArrayExtension\ZadanieArrayExtension.csproj", "{2CEFC10B-2536-4ADD-AB9C-514D4134117A}"
EndProject
Global
	GlobalSection(SolutionConfigurationPlatforms) = preSolution
		Debug|Any CPU = Debug|Any CPU
		Release|Any CPU = Release|Any CPU
	EndGlobalSection
	GlobalSection(ProjectConfigurationPlatforms) = postSolution
		{2CEFC10B-2536-4ADD-AB9C-514D4134117A}.Debug|Any CPU.ActiveCfg = Debug|Any CPU
		{2CEFC10B-2536-4ADD-AB9C-514D4134117A}.Debug|Any CPU.Build.0 = Debug|Any CPU
		{2CEFC10B-2536-4ADD-AB9C-514D4134117A}.Release|Any CPU.ActiveCfg = Release|Any CPU
		{2CEFC10B-2536-4ADD-AB9C-514D4134117A}.Release|Any CPU.Build.0 = Release|Any CPU
	EndGlobalSection
	GlobalSection(SolutionProperties) = preSolution
		HideSolutionNode = FALSE
	EndGlobalSection
	GlobalSection(ExtensibilityGlobals) = postSolution
		SolutionGuid = {D9C5139A-5179-498C-806E-D16FC638A064}
	EndGlobalSection
EndGlobal
