
Microsoft Visual Studio Solution File, Format Version 12.00
# Visual Studio Version 17
VisualStudioVersion = 17.2.32616.157
MinimumVisualStudioVersion = 10.0.40219.1
Project("{FAE04EC0-301F-11D3-BF4B-00C04F79EFBC}") = "ZadanieLinq", "ZadanieLinq\ZadanieLinq.csproj", "{804D8310-BC0E-405A-AD7B-C595F69A75C9}"
EndProject
Global
	GlobalSection(SolutionConfigurationPlatforms) = preSolution
		Debug|Any CPU = Debug|Any CPU
		Release|Any CPU = Release|Any CPU
	EndGlobalSection
	GlobalSection(ProjectConfigurationPlatforms) = postSolution
		{804D8310-BC0E-405A-AD7B-C595F69A75C9}.Debug|Any CPU.ActiveCfg = Debug|Any CPU
		{804D8310-BC0E-405A-AD7B-C595F69A75C9}.Debug|Any CPU.Build.0 = Debug|Any CPU
		{804D8310-BC0E-405A-AD7B-C595F69A75C9}.Release|Any CPU.ActiveCfg = Release|Any CPU
		{804D8310-BC0E-405A-AD7B-C595F69A75C9}.Release|Any CPU.Build.0 = Release|Any CPU
	EndGlobalSection
	GlobalSection(SolutionProperties) = preSolution
		HideSolutionNode = FALSE
	EndGlobalSection
	GlobalSection(ExtensibilityGlobals) = postSolution
		SolutionGuid = {55B3D736-6809-4710-B7A7-1BD260068641}
	EndGlobalSection
EndGlobal
