
Microsoft Visual Studio Solution File, Format Version 12.00
# Visual Studio Version 17
VisualStudioVersion = 17.2.32616.157
MinimumVisualStudioVersion = 10.0.40219.1
Project("{FAE04EC0-301F-11D3-BF4B-00C04F79EFBC}") = "ParkingSamochody", "ParkingSamochody\ParkingSamochody.csproj", "{11C90E9C-B5F7-4996-9ECD-23560B6240CB}"
EndProject
Global
	GlobalSection(SolutionConfigurationPlatforms) = preSolution
		Debug|Any CPU = Debug|Any CPU
		Release|Any CPU = Release|Any CPU
	EndGlobalSection
	GlobalSection(ProjectConfigurationPlatforms) = postSolution
		{11C90E9C-B5F7-4996-9ECD-23560B6240CB}.Debug|Any CPU.ActiveCfg = Debug|Any CPU
		{11C90E9C-B5F7-4996-9ECD-23560B6240CB}.Debug|Any CPU.Build.0 = Debug|Any CPU
		{11C90E9C-B5F7-4996-9ECD-23560B6240CB}.Release|Any CPU.ActiveCfg = Release|Any CPU
		{11C90E9C-B5F7-4996-9ECD-23560B6240CB}.Release|Any CPU.Build.0 = Release|Any CPU
	EndGlobalSection
	GlobalSection(SolutionProperties) = preSolution
		HideSolutionNode = FALSE
	EndGlobalSection
	GlobalSection(ExtensibilityGlobals) = postSolution
		SolutionGuid = {32627D49-173D-4F1B-99A9-3ED644CBFB9F}
	EndGlobalSection
EndGlobal
