
Microsoft Visual Studio Solution File, Format Version 12.00
# Visual Studio Version 17
VisualStudioVersion = 17.2.32616.157
MinimumVisualStudioVersion = 10.0.40219.1
Project("{FAE04EC0-301F-11D3-BF4B-00C04F79EFBC}") = "Podmieniacz", "Podmieniacz\Podmieniacz.csproj", "{3441690C-636A-40CC-95F2-7B155CF67650}"
EndProject
Global
	GlobalSection(SolutionConfigurationPlatforms) = preSolution
		Debug|Any CPU = Debug|Any CPU
		Release|Any CPU = Release|Any CPU
	EndGlobalSection
	GlobalSection(ProjectConfigurationPlatforms) = postSolution
		{3441690C-636A-40CC-95F2-7B155CF67650}.Debug|Any CPU.ActiveCfg = Debug|Any CPU
		{3441690C-636A-40CC-95F2-7B155CF67650}.Debug|Any CPU.Build.0 = Debug|Any CPU
		{3441690C-636A-40CC-95F2-7B155CF67650}.Release|Any CPU.ActiveCfg = Release|Any CPU
		{3441690C-636A-40CC-95F2-7B155CF67650}.Release|Any CPU.Build.0 = Release|Any CPU
	EndGlobalSection
	GlobalSection(SolutionProperties) = preSolution
		HideSolutionNode = FALSE
	EndGlobalSection
	GlobalSection(ExtensibilityGlobals) = postSolution
		SolutionGuid = {96F77452-9B10-4C0E-8283-E2418C9BA40E}
	EndGlobalSection
EndGlobal
